
Microsoft Visual Studio Solution File, Format Version 12.00
# Visual Studio 15
VisualStudioVersion = 15.0.28010.2036
MinimumVisualStudioVersion = 10.0.40219.1
Project("{FAE04EC0-301F-11D3-BF4B-00C04F79EFBC}") = "Lab06Lib", "Lab06Lib\Lab06Lib.csproj", "{72D6E6B3-CEFD-4C12-8C7E-6482405CEA84}"
EndProject
Project("{FAE04EC0-301F-11D3-BF4B-00C04F79EFBC}") = "Lab06App", "Lab06App\Lab06App.csproj", "{F7C40FD4-75B7-4E19-BD98-12D1C6804D79}"
EndProject
Global
	GlobalSection(SolutionConfigurationPlatforms) = preSolution
		Debug|Any CPU = Debug|Any CPU
		Release|Any CPU = Release|Any CPU
	EndGlobalSection
	GlobalSection(ProjectConfigurationPlatforms) = postSolution
		{72D6E6B3-CEFD-4C12-8C7E-6482405CEA84}.Debug|Any CPU.ActiveCfg = Debug|Any CPU
		{72D6E6B3-CEFD-4C12-8C7E-6482405CEA84}.Debug|Any CPU.Build.0 = Debug|Any CPU
		{72D6E6B3-CEFD-4C12-8C7E-6482405CEA84}.Release|Any CPU.ActiveCfg = Release|Any CPU
		{72D6E6B3-CEFD-4C12-8C7E-6482405CEA84}.Release|Any CPU.Build.0 = Release|Any CPU
		{F7C40FD4-75B7-4E19-BD98-12D1C6804D79}.Debug|Any CPU.ActiveCfg = Debug|Any CPU
		{F7C40FD4-75B7-4E19-BD98-12D1C6804D79}.Debug|Any CPU.Build.0 = Debug|Any CPU
		{F7C40FD4-75B7-4E19-BD98-12D1C6804D79}.Release|Any CPU.ActiveCfg = Release|Any CPU
		{F7C40FD4-75B7-4E19-BD98-12D1C6804D79}.Release|Any CPU.Build.0 = Release|Any CPU
	EndGlobalSection
	GlobalSection(SolutionProperties) = preSolution
		HideSolutionNode = FALSE
	EndGlobalSection
	GlobalSection(ExtensibilityGlobals) = postSolution
		SolutionGuid = {A0934D71-DA25-41D1-8536-EF78005E7C4B}
	EndGlobalSection
EndGlobal
